
Microsoft Visual Studio Solution File, Format Version 12.00
# Visual Studio 15
VisualStudioVersion = 15.0.26730.16
MinimumVisualStudioVersion = 10.0.40219.1
Project("{FAE04EC0-301F-11D3-BF4B-00C04F79EFBC}") = "RestoraApp", "RestoraApp\RestoraApp.csproj", "{BDF7CF0E-999B-4CD6-8F17-B1746B62C60A}"
EndProject
Global
	GlobalSection(SolutionConfigurationPlatforms) = preSolution
		Debug|Any CPU = Debug|Any CPU
		Release|Any CPU = Release|Any CPU
	EndGlobalSection
	GlobalSection(ProjectConfigurationPlatforms) = postSolution
		{BDF7CF0E-999B-4CD6-8F17-B1746B62C60A}.Debug|Any CPU.ActiveCfg = Debug|Any CPU
		{BDF7CF0E-999B-4CD6-8F17-B1746B62C60A}.Debug|Any CPU.Build.0 = Debug|Any CPU
		{BDF7CF0E-999B-4CD6-8F17-B1746B62C60A}.Release|Any CPU.ActiveCfg = Release|Any CPU
		{BDF7CF0E-999B-4CD6-8F17-B1746B62C60A}.Release|Any CPU.Build.0 = Release|Any CPU
	EndGlobalSection
	GlobalSection(SolutionProperties) = preSolution
		HideSolutionNode = FALSE
	EndGlobalSection
	GlobalSection(ExtensibilityGlobals) = postSolution
		SolutionGuid = {4F01F139-1238-4CDE-9157-9478E48CD0F2}
	EndGlobalSection
EndGlobal
